
Microsoft Visual Studio Solution File, Format Version 12.00
# Visual Studio Version 17
VisualStudioVersion = 17.3.32819.101
MinimumVisualStudioVersion = 10.0.40219.1
Project("{FAE04EC0-301F-11D3-BF4B-00C04F79EFBC}") = "FindMaxNumber", "FindMaxNumber\FindMaxNumber.csproj", "{480B06F6-9700-42A1-A9CE-E3D2E586D2CD}"
EndProject
Global
	GlobalSection(SolutionConfigurationPlatforms) = preSolution
		Debug|Any CPU = Debug|Any CPU
		Release|Any CPU = Release|Any CPU
	EndGlobalSection
	GlobalSection(ProjectConfigurationPlatforms) = postSolution
		{480B06F6-9700-42A1-A9CE-E3D2E586D2CD}.Debug|Any CPU.ActiveCfg = Debug|Any CPU
		{480B06F6-9700-42A1-A9CE-E3D2E586D2CD}.Debug|Any CPU.Build.0 = Debug|Any CPU
		{480B06F6-9700-42A1-A9CE-E3D2E586D2CD}.Release|Any CPU.ActiveCfg = Release|Any CPU
		{480B06F6-9700-42A1-A9CE-E3D2E586D2CD}.Release|Any CPU.Build.0 = Release|Any CPU
	EndGlobalSection
	GlobalSection(SolutionProperties) = preSolution
		HideSolutionNode = FALSE
	EndGlobalSection
	GlobalSection(ExtensibilityGlobals) = postSolution
		SolutionGuid = {391753B2-0BA6-4FFB-8D53-DC11CAC1E0B2}
	EndGlobalSection
EndGlobal
